
Microsoft Visual Studio Solution File, Format Version 12.00
# Visual Studio 2013
VisualStudioVersion = 12.0.40629.0
MinimumVisualStudioVersion = 10.0.40219.1
Project("{FAE04EC0-301F-11D3-BF4B-00C04F79EFBC}") = "AOne", "AKSoft\AOne.csproj", "{A996362F-62D9-4E3C-92F0-D2D0FC8BE85C}"
EndProject
Global
	GlobalSection(SolutionConfigurationPlatforms) = preSolution
		Debug|Any CPU = Debug|Any CPU
		Release|Any CPU = Release|Any CPU
	EndGlobalSection
	GlobalSection(ProjectConfigurationPlatforms) = postSolution
		{A996362F-62D9-4E3C-92F0-D2D0FC8BE85C}.Debug|Any CPU.ActiveCfg = Debug|Any CPU
		{A996362F-62D9-4E3C-92F0-D2D0FC8BE85C}.Debug|Any CPU.Build.0 = Debug|Any CPU
		{A996362F-62D9-4E3C-92F0-D2D0FC8BE85C}.Release|Any CPU.ActiveCfg = Release|Any CPU
		{A996362F-62D9-4E3C-92F0-D2D0FC8BE85C}.Release|Any CPU.Build.0 = Release|Any CPU
	EndGlobalSection
	GlobalSection(SolutionProperties) = preSolution
		HideSolutionNode = FALSE
	EndGlobalSection
EndGlobal
